{
  "name": "uvu-assert-bug",
  "version": "1.0.0",
  "lockfileVersion": 1,
  "requires": true,
  "dependencies": {
    "dequal": {
      "version": "1.0.1",
      "resolved": "https://registry.npmjs.org/dequal/-/dequal-1.0.1.tgz",
      "integrity": "sha512-Fx8jxibzkJX2aJgyfSdLhr9tlRoTnHKrRJuu2XHlAgKioN2j19/Bcbe0d4mFXYZ3+wpE2KVobUVTfDutcD17xQ=="
    },
    "diff": {
      "version": "4.0.2",
      "resolved": "https://registry.npmjs.org/diff/-/diff-4.0.2.tgz",
      "integrity": "sha512-58lmxKSA4BNyLz+HHMUzlOEpg09FV+ev6ZMe3vJihgdxzgcwZ8VoEEPmALCZG9LmqfVoNMMKpttIYTVG6uDY7A=="
    },
    "kleur": {
      "version": "4.0.3",
      "resolved": "https://registry.npmjs.org/kleur/-/kleur-4.0.3.tgz",
      "integrity": "sha512-s84+52u0qkMmOI+eFJSxOCS/2Xt4j2A7Uacg8j+Ja1uFrED2zV3bILKtdAmpJCER4ufTej7p1OwuHbUz5ZVUyg=="
    },
    "mri": {
      "version": "1.1.6",
      "resolved": "https://registry.npmjs.org/mri/-/mri-1.1.6.tgz",
      "integrity": "sha512-oi1b3MfbyGa7FJMP9GmLTttni5JoICpYBRlq+x5V16fZbLsnL9N3wFqqIm/nIG43FjUFkFh9Epzp/kzUGUnJxQ=="
    },
    "sade": {
      "version": "1.7.3",
      "resolved": "https://registry.npmjs.org/sade/-/sade-1.7.3.tgz",
      "integrity": "sha512-m4BctppMvJ60W1dXnHq7jMmFe3hPJZDAH85kQ3ACTo7XZNVUuTItCQ+2HfyaMeV5cKrbw7l4vD/6We3GBxvdJw==",
      "requires": {
        "mri": "^1.1.0"
      }
    },
    "totalist": {
      "version": "1.1.0",
      "resolved": "https://registry.npmjs.org/totalist/-/totalist-1.1.0.tgz",
      "integrity": "sha512-gduQwd1rOdDMGxFG1gEvhV88Oirdo2p+KjoYFU7k2g+i7n6AFFbDQ5kMPUsW0pNbfQsB/cwXvT1i4Bue0s9g5g=="
    },
    "uvu": {
      "version": "0.3.1",
      "resolved": "https://registry.npmjs.org/uvu/-/uvu-0.3.1.tgz",
      "integrity": "sha512-N1lpO22pAbXbSNZgrtjjTwVyBsSPwXVaOHBzhj/X8i2OrbFGD0p91QBQUlIMC79V2KVcA7+a3lGTG74LSirEiQ==",
      "requires": {
        "dequal": "^1.0.0",
        "diff": "^4.0.2",
        "kleur": "^4.0.3",
        "sade": "^1.7.3",
        "totalist": "^1.1.0"
      }
    }
  }
}
